// !$*UTF8*$!
{
	archiveVersion = 1;
	classes = {
	};
	objectVersion = 56;
	objects = {

/* Begin PBXBuildFile section */
		8E2BDA772CA80E8300941DE1 /* CounterCell.swift in Sources */ = {isa = PBXBuildFile; fileRef = 8E2BDA762CA80E8200941DE1 /* CounterCell.swift */; };
		8E2BDA7A2CA82E5B00941DE1 /* Color+.swift in Sources */ = {isa = PBXBuildFile; fileRef = 8E2BDA792CA82E5B00941DE1 /* Color+.swift */; };
		8E2BDA7C2CA832FA00941DE1 /* Date+.swift in Sources */ = {isa = PBXBuildFile; fileRef = 8E2BDA7B2CA832FA00941DE1 /* Date+.swift */; };
		8E2BDA7E2CA8368900941DE1 /* Colors.xcassets in Resources */ = {isa = PBXBuildFile; fileRef = 8E2BDA7D2CA8368900941DE1 /* Colors.xcassets */; };
		8E2BDA802CA8378E00941DE1 /* ICIconNameView.swift in Sources */ = {isa = PBXBuildFile; fileRef = 8E2BDA7F2CA8378E00941DE1 /* ICIconNameView.swift */; };
		8E2BDA862CA84E8800941DE1 /* Counter.swift in Sources */ = {isa = PBXBuildFile; fileRef = 8E2BDA852CA84E8800941DE1 /* Counter.swift */; };
		8E6FA9042CAF23F600DAAEA5 /* ICHeaderView.swift in Sources */ = {isa = PBXBuildFile; fileRef = 8E6FA9032CAF23F600DAAEA5 /* ICHeaderView.swift */; };
		8E6FA9062CAF27C200DAAEA5 /* ICTextField.swift in Sources */ = {isa = PBXBuildFile; fileRef = 8E6FA9052CAF27C200DAAEA5 /* ICTextField.swift */; };
		8E6FA9082CAF447800DAAEA5 /* ICTextProgressBar.swift in Sources */ = {isa = PBXBuildFile; fileRef = 8E6FA9072CAF447800DAAEA5 /* ICTextProgressBar.swift */; };
		8E6FA90C2CB084BE00DAAEA5 /* ICNumberSetterView.swift in Sources */ = {isa = PBXBuildFile; fileRef = 8E6FA90B2CB084BE00DAAEA5 /* ICNumberSetterView.swift */; };
		8E7C56172CB1CF6E006A56C9 /* ICToggleControlView.swift in Sources */ = {isa = PBXBuildFile; fileRef = 8E7C56162CB1CF6E006A56C9 /* ICToggleControlView.swift */; };
		8E9E1BBB2CAF1875002B12E2 /* CreateCounterScreen.swift in Sources */ = {isa = PBXBuildFile; fileRef = 8E9E1BBA2CAF1875002B12E2 /* CreateCounterScreen.swift */; };
		8E9E1BBD2CAF188D002B12E2 /* CreateCounterScreenStore.swift in Sources */ = {isa = PBXBuildFile; fileRef = 8E9E1BBC2CAF188D002B12E2 /* CreateCounterScreenStore.swift */; };
		8EBB73982C3AB14E00A0A899 /* ICountedApp.swift in Sources */ = {isa = PBXBuildFile; fileRef = 8EBB73972C3AB14E00A0A899 /* ICountedApp.swift */; };
		8EBB739C2C3AB14F00A0A899 /* Images.xcassets in Resources */ = {isa = PBXBuildFile; fileRef = 8EBB739B2C3AB14F00A0A899 /* Images.xcassets */; };
		8EBB739F2C3AB14F00A0A899 /* Preview Assets.xcassets in Resources */ = {isa = PBXBuildFile; fileRef = 8EBB739E2C3AB14F00A0A899 /* Preview Assets.xcassets */; };
		8EBB73A92C3AB2D000A0A899 /* CountersListScreen.swift in Sources */ = {isa = PBXBuildFile; fileRef = 8EBB73A82C3AB2D000A0A899 /* CountersListScreen.swift */; };
		8EBB73AB2C3AB31A00A0A899 /* AppReducer.swift in Sources */ = {isa = PBXBuildFile; fileRef = 8EBB73AA2C3AB31A00A0A899 /* AppReducer.swift */; };
		8EBB73AD2C3AB34300A0A899 /* AppAction.swift in Sources */ = {isa = PBXBuildFile; fileRef = 8EBB73AC2C3AB34300A0A899 /* AppAction.swift */; };
		8EBB73AF2C3AB35800A0A899 /* AppState.swift in Sources */ = {isa = PBXBuildFile; fileRef = 8EBB73AE2C3AB35800A0A899 /* AppState.swift */; };
		8EBB73B12C3AB36900A0A899 /* AppStore.swift in Sources */ = {isa = PBXBuildFile; fileRef = 8EBB73B02C3AB36900A0A899 /* AppStore.swift */; };
		8EBB73B32C3AB55700A0A899 /* CounterListScreenStore.swift in Sources */ = {isa = PBXBuildFile; fileRef = 8EBB73B22C3AB55700A0A899 /* CounterListScreenStore.swift */; };
		8EBB73B52C3ABFE300A0A899 /* ShadowModifier.swift in Sources */ = {isa = PBXBuildFile; fileRef = 8EBB73B42C3ABFE300A0A899 /* ShadowModifier.swift */; };
		8EBB73BA2C3AD89900A0A899 /* CounterValueView.swift in Sources */ = {isa = PBXBuildFile; fileRef = 8EBB73B92C3AD89900A0A899 /* CounterValueView.swift */; };
/* End PBXBuildFile section */

/* Begin PBXFileReference section */
		8E2BDA762CA80E8200941DE1 /* CounterCell.swift */ = {isa = PBXFileReference; lastKnownFileType = sourcecode.swift; path = CounterCell.swift; sourceTree = "<group>"; };
		8E2BDA792CA82E5B00941DE1 /* Color+.swift */ = {isa = PBXFileReference; lastKnownFileType = sourcecode.swift; path = "Color+.swift"; sourceTree = "<group>"; };
		8E2BDA7B2CA832FA00941DE1 /* Date+.swift */ = {isa = PBXFileReference; lastKnownFileType = sourcecode.swift; path = "Date+.swift"; sourceTree = "<group>"; };
		8E2BDA7D2CA8368900941DE1 /* Colors.xcassets */ = {isa = PBXFileReference; lastKnownFileType = folder.assetcatalog; path = Colors.xcassets; sourceTree = "<group>"; };
		8E2BDA7F2CA8378E00941DE1 /* ICIconNameView.swift */ = {isa = PBXFileReference; lastKnownFileType = sourcecode.swift; path = ICIconNameView.swift; sourceTree = "<group>"; };
		8E2BDA852CA84E8800941DE1 /* Counter.swift */ = {isa = PBXFileReference; lastKnownFileType = sourcecode.swift; path = Counter.swift; sourceTree = "<group>"; };
		8E6FA9032CAF23F600DAAEA5 /* ICHeaderView.swift */ = {isa = PBXFileReference; lastKnownFileType = sourcecode.swift; path = ICHeaderView.swift; sourceTree = "<group>"; };
		8E6FA9052CAF27C200DAAEA5 /* ICTextField.swift */ = {isa = PBXFileReference; lastKnownFileType = sourcecode.swift; path = ICTextField.swift; sourceTree = "<group>"; };
		8E6FA9072CAF447800DAAEA5 /* ICTextProgressBar.swift */ = {isa = PBXFileReference; lastKnownFileType = sourcecode.swift; path = ICTextProgressBar.swift; sourceTree = "<group>"; };
		8E6FA90B2CB084BE00DAAEA5 /* ICNumberSetterView.swift */ = {isa = PBXFileReference; lastKnownFileType = sourcecode.swift; path = ICNumberSetterView.swift; sourceTree = "<group>"; };
		8E7C56162CB1CF6E006A56C9 /* ICToggleControlView.swift */ = {isa = PBXFileReference; lastKnownFileType = sourcecode.swift; path = ICToggleControlView.swift; sourceTree = "<group>"; };
		8E9E1BBA2CAF1875002B12E2 /* CreateCounterScreen.swift */ = {isa = PBXFileReference; lastKnownFileType = sourcecode.swift; path = CreateCounterScreen.swift; sourceTree = "<group>"; };
		8E9E1BBC2CAF188D002B12E2 /* CreateCounterScreenStore.swift */ = {isa = PBXFileReference; lastKnownFileType = sourcecode.swift; path = CreateCounterScreenStore.swift; sourceTree = "<group>"; };
		8EBB73942C3AB14E00A0A899 /* ICounted.app */ = {isa = PBXFileReference; explicitFileType = wrapper.application; includeInIndex = 0; path = ICounted.app; sourceTree = BUILT_PRODUCTS_DIR; };
		8EBB73972C3AB14E00A0A899 /* ICountedApp.swift */ = {isa = PBXFileReference; lastKnownFileType = sourcecode.swift; path = ICountedApp.swift; sourceTree = "<group>"; };
		8EBB739B2C3AB14F00A0A899 /* Images.xcassets */ = {isa = PBXFileReference; lastKnownFileType = folder.assetcatalog; path = Images.xcassets; sourceTree = "<group>"; };
		8EBB739E2C3AB14F00A0A899 /* Preview Assets.xcassets */ = {isa = PBXFileReference; lastKnownFileType = folder.assetcatalog; path = "Preview Assets.xcassets"; sourceTree = "<group>"; };
		8EBB73A82C3AB2D000A0A899 /* CountersListScreen.swift */ = {isa = PBXFileReference; lastKnownFileType = sourcecode.swift; path = CountersListScreen.swift; sourceTree = "<group>"; };
		8EBB73AA2C3AB31A00A0A899 /* AppReducer.swift */ = {isa = PBXFileReference; lastKnownFileType = sourcecode.swift; path = AppReducer.swift; sourceTree = "<group>"; };
		8EBB73AC2C3AB34300A0A899 /* AppAction.swift */ = {isa = PBXFileReference; lastKnownFileType = sourcecode.swift; path = AppAction.swift; sourceTree = "<group>"; };
		8EBB73AE2C3AB35800A0A899 /* AppState.swift */ = {isa = PBXFileReference; lastKnownFileType = sourcecode.swift; path = AppState.swift; sourceTree = "<group>"; };
		8EBB73B02C3AB36900A0A899 /* AppStore.swift */ = {isa = PBXFileReference; lastKnownFileType = sourcecode.swift; path = AppStore.swift; sourceTree = "<group>"; };
		8EBB73B22C3AB55700A0A899 /* CounterListScreenStore.swift */ = {isa = PBXFileReference; lastKnownFileType = sourcecode.swift; path = CounterListScreenStore.swift; sourceTree = "<group>"; };
		8EBB73B42C3ABFE300A0A899 /* ShadowModifier.swift */ = {isa = PBXFileReference; lastKnownFileType = sourcecode.swift; path = ShadowModifier.swift; sourceTree = "<group>"; };
		8EBB73B92C3AD89900A0A899 /* CounterValueView.swift */ = {isa = PBXFileReference; lastKnownFileType = sourcecode.swift; path = CounterValueView.swift; sourceTree = "<group>"; };
/* End PBXFileReference section */

/* Begin PBXFrameworksBuildPhase section */
		8EBB73912C3AB14E00A0A899 /* Frameworks */ = {
			isa = PBXFrameworksBuildPhase;
			buildActionMask = 2147483647;
			files = (
			);
			runOnlyForDeploymentPostprocessing = 0;
		};
/* End PBXFrameworksBuildPhase section */

/* Begin PBXGroup section */
		8E2BDA782CA82E5100941DE1 /* Extensioins */ = {
			isa = PBXGroup;
			children = (
				8E2BDA792CA82E5B00941DE1 /* Color+.swift */,
				8E2BDA7B2CA832FA00941DE1 /* Date+.swift */,
			);
			path = Extensioins;
			sourceTree = "<group>";
		};
		8E2BDA812CA84E6500941DE1 /* 🪩Services */ = {
			isa = PBXGroup;
			children = (
				8E2BDA822CA84E7200941DE1 /* Models */,
			);
			path = "🪩Services";
			sourceTree = "<group>";
		};
		8E2BDA822CA84E7200941DE1 /* Models */ = {
			isa = PBXGroup;
			children = (
				8E2BDA852CA84E8800941DE1 /* Counter.swift */,
			);
			path = Models;
			sourceTree = "<group>";
		};
		8E9E1BB92CAF1849002B12E2 /* CreateCounterScreen */ = {
			isa = PBXGroup;
			children = (
				8E9E1BBA2CAF1875002B12E2 /* CreateCounterScreen.swift */,
				8E9E1BBC2CAF188D002B12E2 /* CreateCounterScreenStore.swift */,
			);
			path = CreateCounterScreen;
			sourceTree = "<group>";
		};
		8EBB738B2C3AB14E00A0A899 = {
			isa = PBXGroup;
			children = (
				8EBB73962C3AB14E00A0A899 /* ICounted */,
				8EBB73952C3AB14E00A0A899 /* Products */,
			);
			sourceTree = "<group>";
		};
		8EBB73952C3AB14E00A0A899 /* Products */ = {
			isa = PBXGroup;
			children = (
				8EBB73942C3AB14E00A0A899 /* ICounted.app */,
			);
			name = Products;
			sourceTree = "<group>";
		};
		8EBB73962C3AB14E00A0A899 /* ICounted */ = {
			isa = PBXGroup;
			children = (
				8E2BDA782CA82E5100941DE1 /* Extensioins */,
				8EBB73B72C3AD4FA00A0A899 /* Resources */,
				8E2BDA812CA84E6500941DE1 /* 🪩Services */,
				8EBB73A52C3AB23D00A0A899 /* 🪇UI */,
				8EBB739D2C3AB14F00A0A899 /* Preview Content */,
			);
			path = ICounted;
			sourceTree = "<group>";
		};
		8EBB739D2C3AB14F00A0A899 /* Preview Content */ = {
			isa = PBXGroup;
			children = (
				8EBB739E2C3AB14F00A0A899 /* Preview Assets.xcassets */,
			);
			path = "Preview Content";
			sourceTree = "<group>";
		};
		8EBB73A52C3AB23D00A0A899 /* 🪇UI */ = {
			isa = PBXGroup;
			children = (
				8E9E1BB92CAF1849002B12E2 /* CreateCounterScreen */,
				8EBB73B82C3AD87000A0A899 /* Components */,
				8EBB73B62C3AC21900A0A899 /* 🐣Modifiers */,
				8EBB73A72C3AB29D00A0A899 /* CountersListScreen */,
				8EBB73A62C3AB27200A0A899 /* 🐺Base */,
			);
			path = "🪇UI";
			sourceTree = "<group>";
		};
		8EBB73A62C3AB27200A0A899 /* 🐺Base */ = {
			isa = PBXGroup;
			children = (
				8EBB73972C3AB14E00A0A899 /* ICountedApp.swift */,
				8EBB73AA2C3AB31A00A0A899 /* AppReducer.swift */,
				8EBB73AC2C3AB34300A0A899 /* AppAction.swift */,
				8EBB73AE2C3AB35800A0A899 /* AppState.swift */,
				8EBB73B02C3AB36900A0A899 /* AppStore.swift */,
			);
			path = "🐺Base";
			sourceTree = "<group>";
		};
		8EBB73A72C3AB29D00A0A899 /* CountersListScreen */ = {
			isa = PBXGroup;
			children = (
				8EBB73A82C3AB2D000A0A899 /* CountersListScreen.swift */,
				8EBB73B22C3AB55700A0A899 /* CounterListScreenStore.swift */,
				8E2BDA762CA80E8200941DE1 /* CounterCell.swift */,
			);
			path = CountersListScreen;
			sourceTree = "<group>";
		};
		8EBB73B62C3AC21900A0A899 /* 🐣Modifiers */ = {
			isa = PBXGroup;
			children = (
				8EBB73B42C3ABFE300A0A899 /* ShadowModifier.swift */,
			);
			path = "🐣Modifiers";
			sourceTree = "<group>";
		};
		8EBB73B72C3AD4FA00A0A899 /* Resources */ = {
			isa = PBXGroup;
			children = (
				8E2BDA7D2CA8368900941DE1 /* Colors.xcassets */,
				8EBB739B2C3AB14F00A0A899 /* Images.xcassets */,
			);
			path = Resources;
			sourceTree = "<group>";
		};
		8EBB73B82C3AD87000A0A899 /* Components */ = {
			isa = PBXGroup;
			children = (
				8EBB73B92C3AD89900A0A899 /* CounterValueView.swift */,
				8E7C56162CB1CF6E006A56C9 /* ICToggleControlView.swift */,
				8E6FA9032CAF23F600DAAEA5 /* ICHeaderView.swift */,
				8E6FA9052CAF27C200DAAEA5 /* ICTextField.swift */,
				8E6FA9072CAF447800DAAEA5 /* ICTextProgressBar.swift */,
				8E2BDA7F2CA8378E00941DE1 /* ICIconNameView.swift */,
				8E6FA90B2CB084BE00DAAEA5 /* ICNumberSetterView.swift */,
			);
			path = Components;
			sourceTree = "<group>";
		};
/* End PBXGroup section */

/* Begin PBXNativeTarget section */
		8EBB73932C3AB14E00A0A899 /* ICounted */ = {
			isa = PBXNativeTarget;
			buildConfigurationList = 8EBB73A22C3AB14F00A0A899 /* Build configuration list for PBXNativeTarget "ICounted" */;
			buildPhases = (
				8EBB73902C3AB14E00A0A899 /* Sources */,
				8EBB73912C3AB14E00A0A899 /* Frameworks */,
				8EBB73922C3AB14E00A0A899 /* Resources */,
			);
			buildRules = (
			);
			dependencies = (
			);
			name = ICounted;
			productName = ICounted;
			productReference = 8EBB73942C3AB14E00A0A899 /* ICounted.app */;
			productType = "com.apple.product-type.application";
		};
/* End PBXNativeTarget section */

/* Begin PBXProject section */
		8EBB738C2C3AB14E00A0A899 /* Project object */ = {
			isa = PBXProject;
			attributes = {
				BuildIndependentTargetsInParallel = 1;
				LastSwiftUpdateCheck = 1540;
				LastUpgradeCheck = 1540;
				TargetAttributes = {
					8EBB73932C3AB14E00A0A899 = {
						CreatedOnToolsVersion = 15.4;
					};
				};
			};
			buildConfigurationList = 8EBB738F2C3AB14E00A0A899 /* Build configuration list for PBXProject "ICounted" */;
			compatibilityVersion = "Xcode 14.0";
			developmentRegion = en;
			hasScannedForEncodings = 0;
			knownRegions = (
				en,
				Base,
			);
			mainGroup = 8EBB738B2C3AB14E00A0A899;
			productRefGroup = 8EBB73952C3AB14E00A0A899 /* Products */;
			projectDirPath = "";
			projectRoot = "";
			targets = (
				8EBB73932C3AB14E00A0A899 /* ICounted */,
			);
		};
/* End PBXProject section */

/* Begin PBXResourcesBuildPhase section */
		8EBB73922C3AB14E00A0A899 /* Resources */ = {
			isa = PBXResourcesBuildPhase;
			buildActionMask = 2147483647;
			files = (
				8E2BDA7E2CA8368900941DE1 /* Colors.xcassets in Resources */,
				8EBB739F2C3AB14F00A0A899 /* Preview Assets.xcassets in Resources */,
				8EBB739C2C3AB14F00A0A899 /* Images.xcassets in Resources */,
			);
			runOnlyForDeploymentPostprocessing = 0;
		};
/* End PBXResourcesBuildPhase section */

/* Begin PBXSourcesBuildPhase section */
		8EBB73902C3AB14E00A0A899 /* Sources */ = {
			isa = PBXSourcesBuildPhase;
			buildActionMask = 2147483647;
			files = (
				8E6FA9082CAF447800DAAEA5 /* ICTextProgressBar.swift in Sources */,
				8E2BDA772CA80E8300941DE1 /* CounterCell.swift in Sources */,
				8E6FA90C2CB084BE00DAAEA5 /* ICNumberSetterView.swift in Sources */,
				8EBB73B32C3AB55700A0A899 /* CounterListScreenStore.swift in Sources */,
				8EBB73A92C3AB2D000A0A899 /* CountersListScreen.swift in Sources */,
				8E2BDA7C2CA832FA00941DE1 /* Date+.swift in Sources */,
				8E2BDA802CA8378E00941DE1 /* ICIconNameView.swift in Sources */,
				8EBB73AD2C3AB34300A0A899 /* AppAction.swift in Sources */,
				8E6FA9042CAF23F600DAAEA5 /* ICHeaderView.swift in Sources */,
				8E6FA9062CAF27C200DAAEA5 /* ICTextField.swift in Sources */,
				8E7C56172CB1CF6E006A56C9 /* ICToggleControlView.swift in Sources */,
				8E2BDA862CA84E8800941DE1 /* Counter.swift in Sources */,
				8EBB73AF2C3AB35800A0A899 /* AppState.swift in Sources */,
				8EBB73B52C3ABFE300A0A899 /* ShadowModifier.swift in Sources */,
				8E9E1BBB2CAF1875002B12E2 /* CreateCounterScreen.swift in Sources */,
				8E9E1BBD2CAF188D002B12E2 /* CreateCounterScreenStore.swift in Sources */,
				8EBB73AB2C3AB31A00A0A899 /* AppReducer.swift in Sources */,
				8EBB73B12C3AB36900A0A899 /* AppStore.swift in Sources */,
				8E2BDA7A2CA82E5B00941DE1 /* Color+.swift in Sources */,
				8EBB73982C3AB14E00A0A899 /* ICountedApp.swift in Sources */,
				8EBB73BA2C3AD89900A0A899 /* CounterValueView.swift in Sources */,
			);
			runOnlyForDeploymentPostprocessing = 0;
		};
/* End PBXSourcesBuildPhase section */

/* Begin XCBuildConfiguration section */
		8EBB73A02C3AB14F00A0A899 /* Debug */ = {
			isa = XCBuildConfiguration;
			buildSettings = {
				ALWAYS_SEARCH_USER_PATHS = NO;
				ASSETCATALOG_COMPILER_GENERATE_SWIFT_ASSET_SYMBOL_EXTENSIONS = YES;
				CLANG_ANALYZER_NONNULL = YES;
				CLANG_ANALYZER_NUMBER_OBJECT_CONVERSION = YES_AGGRESSIVE;
				CLANG_CXX_LANGUAGE_STANDARD = "gnu++20";
				CLANG_ENABLE_MODULES = YES;
				CLANG_ENABLE_OBJC_ARC = YES;
				CLANG_ENABLE_OBJC_WEAK = YES;
				CLANG_WARN_BLOCK_CAPTURE_AUTORELEASING = YES;
				CLANG_WARN_BOOL_CONVERSION = YES;
				CLANG_WARN_COMMA = YES;
				CLANG_WARN_CONSTANT_CONVERSION = YES;
				CLANG_WARN_DEPRECATED_OBJC_IMPLEMENTATIONS = YES;
				CLANG_WARN_DIRECT_OBJC_ISA_USAGE = YES_ERROR;
				CLANG_WARN_DOCUMENTATION_COMMENTS = YES;
				CLANG_WARN_EMPTY_BODY = YES;
				CLANG_WARN_ENUM_CONVERSION = YES;
				CLANG_WARN_INFINITE_RECURSION = YES;
				CLANG_WARN_INT_CONVERSION = YES;
				CLANG_WARN_NON_LITERAL_NULL_CONVERSION = YES;
				CLANG_WARN_OBJC_IMPLICIT_RETAIN_SELF = YES;
				CLANG_WARN_OBJC_LITERAL_CONVERSION = YES;
				CLANG_WARN_OBJC_ROOT_CLASS = YES_ERROR;
				CLANG_WARN_QUOTED_INCLUDE_IN_FRAMEWORK_HEADER = YES;
				CLANG_WARN_RANGE_LOOP_ANALYSIS = YES;
				CLANG_WARN_STRICT_PROTOTYPES = YES;
				CLANG_WARN_SUSPICIOUS_MOVE = YES;
				CLANG_WARN_UNGUARDED_AVAILABILITY = YES_AGGRESSIVE;
				CLANG_WARN_UNREACHABLE_CODE = YES;
				CLANG_WARN__DUPLICATE_METHOD_MATCH = YES;
				COPY_PHASE_STRIP = NO;
				DEBUG_INFORMATION_FORMAT = dwarf;
				ENABLE_STRICT_OBJC_MSGSEND = YES;
				ENABLE_TESTABILITY = YES;
				ENABLE_USER_SCRIPT_SANDBOXING = YES;
				GCC_C_LANGUAGE_STANDARD = gnu17;
				GCC_DYNAMIC_NO_PIC = NO;
				GCC_NO_COMMON_BLOCKS = YES;
				GCC_OPTIMIZATION_LEVEL = 0;
				GCC_PREPROCESSOR_DEFINITIONS = (
					"DEBUG=1",
					"$(inherited)",
				);
				GCC_WARN_64_TO_32_BIT_CONVERSION = YES;
				GCC_WARN_ABOUT_RETURN_TYPE = YES_ERROR;
				GCC_WARN_UNDECLARED_SELECTOR = YES;
				GCC_WARN_UNINITIALIZED_AUTOS = YES_AGGRESSIVE;
				GCC_WARN_UNUSED_FUNCTION = YES;
				GCC_WARN_UNUSED_VARIABLE = YES;
				IPHONEOS_DEPLOYMENT_TARGET = 17.5;
				LOCALIZATION_PREFERS_STRING_CATALOGS = YES;
				MTL_ENABLE_DEBUG_INFO = INCLUDE_SOURCE;
				MTL_FAST_MATH = YES;
				ONLY_ACTIVE_ARCH = YES;
				SDKROOT = iphoneos;
				SWIFT_ACTIVE_COMPILATION_CONDITIONS = "DEBUG $(inherited)";
				SWIFT_OPTIMIZATION_LEVEL = "-Onone";
			};
			name = Debug;
		};
		8EBB73A12C3AB14F00A0A899 /* Release */ = {
			isa = XCBuildConfiguration;
			buildSettings = {
				ALWAYS_SEARCH_USER_PATHS = NO;
				ASSETCATALOG_COMPILER_GENERATE_SWIFT_ASSET_SYMBOL_EXTENSIONS = YES;
				CLANG_ANALYZER_NONNULL = YES;
				CLANG_ANALYZER_NUMBER_OBJECT_CONVERSION = YES_AGGRESSIVE;
				CLANG_CXX_LANGUAGE_STANDARD = "gnu++20";
				CLANG_ENABLE_MODULES = YES;
				CLANG_ENABLE_OBJC_ARC = YES;
				CLANG_ENABLE_OBJC_WEAK = YES;
				CLANG_WARN_BLOCK_CAPTURE_AUTORELEASING = YES;
				CLANG_WARN_BOOL_CONVERSION = YES;
				CLANG_WARN_COMMA = YES;
				CLANG_WARN_CONSTANT_CONVERSION = YES;
				CLANG_WARN_DEPRECATED_OBJC_IMPLEMENTATIONS = YES;
				CLANG_WARN_DIRECT_OBJC_ISA_USAGE = YES_ERROR;
				CLANG_WARN_DOCUMENTATION_COMMENTS = YES;
				CLANG_WARN_EMPTY_BODY = YES;
				CLANG_WARN_ENUM_CONVERSION = YES;
				CLANG_WARN_INFINITE_RECURSION = YES;
				CLANG_WARN_INT_CONVERSION = YES;
				CLANG_WARN_NON_LITERAL_NULL_CONVERSION = YES;
				CLANG_WARN_OBJC_IMPLICIT_RETAIN_SELF = YES;
				CLANG_WARN_OBJC_LITERAL_CONVERSION = YES;
				CLANG_WARN_OBJC_ROOT_CLASS = YES_ERROR;
				CLANG_WARN_QUOTED_INCLUDE_IN_FRAMEWORK_HEADER = YES;
				CLANG_WARN_RANGE_LOOP_ANALYSIS = YES;
				CLANG_WARN_STRICT_PROTOTYPES = YES;
				CLANG_WARN_SUSPICIOUS_MOVE = YES;
				CLANG_WARN_UNGUARDED_AVAILABILITY = YES_AGGRESSIVE;
				CLANG_WARN_UNREACHABLE_CODE = YES;
				CLANG_WARN__DUPLICATE_METHOD_MATCH = YES;
				COPY_PHASE_STRIP = NO;
				DEBUG_INFORMATION_FORMAT = "dwarf-with-dsym";
				ENABLE_NS_ASSERTIONS = NO;
				ENABLE_STRICT_OBJC_MSGSEND = YES;
				ENABLE_USER_SCRIPT_SANDBOXING = YES;
				GCC_C_LANGUAGE_STANDARD = gnu17;
				GCC_NO_COMMON_BLOCKS = YES;
				GCC_WARN_64_TO_32_BIT_CONVERSION = YES;
				GCC_WARN_ABOUT_RETURN_TYPE = YES_ERROR;
				GCC_WARN_UNDECLARED_SELECTOR = YES;
				GCC_WARN_UNINITIALIZED_AUTOS = YES_AGGRESSIVE;
				GCC_WARN_UNUSED_FUNCTION = YES;
				GCC_WARN_UNUSED_VARIABLE = YES;
				IPHONEOS_DEPLOYMENT_TARGET = 17.5;
				LOCALIZATION_PREFERS_STRING_CATALOGS = YES;
				MTL_ENABLE_DEBUG_INFO = NO;
				MTL_FAST_MATH = YES;
				SDKROOT = iphoneos;
				SWIFT_COMPILATION_MODE = wholemodule;
				VALIDATE_PRODUCT = YES;
			};
			name = Release;
		};
		8EBB73A32C3AB14F00A0A899 /* Debug */ = {
			isa = XCBuildConfiguration;
			buildSettings = {
				ASSETCATALOG_COMPILER_APPICON_NAME = AppIcon;
				ASSETCATALOG_COMPILER_GLOBAL_ACCENT_COLOR_NAME = AccentColor;
				CODE_SIGN_STYLE = Automatic;
				CURRENT_PROJECT_VERSION = 1;
				DEVELOPMENT_ASSET_PATHS = "\"ICounted/Preview Content\"";
				DEVELOPMENT_TEAM = 955DP87LHM;
				ENABLE_PREVIEWS = YES;
				GENERATE_INFOPLIST_FILE = YES;
				INFOPLIST_KEY_UIApplicationSceneManifest_Generation = YES;
				INFOPLIST_KEY_UIApplicationSupportsIndirectInputEvents = YES;
				INFOPLIST_KEY_UILaunchScreen_Generation = YES;
				INFOPLIST_KEY_UISupportedInterfaceOrientations_iPad = "UIInterfaceOrientationPortrait UIInterfaceOrientationPortraitUpsideDown UIInterfaceOrientationLandscapeLeft UIInterfaceOrientationLandscapeRight";
				INFOPLIST_KEY_UISupportedInterfaceOrientations_iPhone = "UIInterfaceOrientationPortrait UIInterfaceOrientationLandscapeLeft UIInterfaceOrientationLandscapeRight";
				LD_RUNPATH_SEARCH_PATHS = (
					"$(inherited)",
					"@executable_path/Frameworks",
				);
				MARKETING_VERSION = 1.0;
				PRODUCT_BUNDLE_IDENTIFIER = Nebo.ICounted;
				PRODUCT_NAME = "$(TARGET_NAME)";
				SWIFT_EMIT_LOC_STRINGS = YES;
				SWIFT_VERSION = 5.0;
				TARGETED_DEVICE_FAMILY = "1,2";
			};
			name = Debug;
		};
		8EBB73A42C3AB14F00A0A899 /* Release */ = {
			isa = XCBuildConfiguration;
			buildSettings = {
				ASSETCATALOG_COMPILER_APPICON_NAME = AppIcon;
				ASSETCATALOG_COMPILER_GLOBAL_ACCENT_COLOR_NAME = AccentColor;
				CODE_SIGN_STYLE = Automatic;
				CURRENT_PROJECT_VERSION = 1;
				DEVELOPMENT_ASSET_PATHS = "\"ICounted/Preview Content\"";
				DEVELOPMENT_TEAM = 955DP87LHM;
				ENABLE_PREVIEWS = YES;
				GENERATE_INFOPLIST_FILE = YES;
				INFOPLIST_KEY_UIApplicationSceneManifest_Generation = YES;
				INFOPLIST_KEY_UIApplicationSupportsIndirectInputEvents = YES;
				INFOPLIST_KEY_UILaunchScreen_Generation = YES;
				INFOPLIST_KEY_UISupportedInterfaceOrientations_iPad = "UIInterfaceOrientationPortrait UIInterfaceOrientationPortraitUpsideDown UIInterfaceOrientationLandscapeLeft UIInterfaceOrientationLandscapeRight";
				INFOPLIST_KEY_UISupportedInterfaceOrientations_iPhone = "UIInterfaceOrientationPortrait UIInterfaceOrientationLandscapeLeft UIInterfaceOrientationLandscapeRight";
				LD_RUNPATH_SEARCH_PATHS = (
					"$(inherited)",
					"@executable_path/Frameworks",
				);
				MARKETING_VERSION = 1.0;
				PRODUCT_BUNDLE_IDENTIFIER = Nebo.ICounted;
				PRODUCT_NAME = "$(TARGET_NAME)";
				SWIFT_EMIT_LOC_STRINGS = YES;
				SWIFT_VERSION = 5.0;
				TARGETED_DEVICE_FAMILY = "1,2";
			};
			name = Release;
		};
/* End XCBuildConfiguration section */

/* Begin XCConfigurationList section */
		8EBB738F2C3AB14E00A0A899 /* Build configuration list for PBXProject "ICounted" */ = {
			isa = XCConfigurationList;
			buildConfigurations = (
				8EBB73A02C3AB14F00A0A899 /* Debug */,
				8EBB73A12C3AB14F00A0A899 /* Release */,
			);
			defaultConfigurationIsVisible = 0;
			defaultConfigurationName = Release;
		};
		8EBB73A22C3AB14F00A0A899 /* Build configuration list for PBXNativeTarget "ICounted" */ = {
			isa = XCConfigurationList;
			buildConfigurations = (
				8EBB73A32C3AB14F00A0A899 /* Debug */,
				8EBB73A42C3AB14F00A0A899 /* Release */,
			);
			defaultConfigurationIsVisible = 0;
			defaultConfigurationName = Release;
		};
/* End XCConfigurationList section */
	};
	rootObject = 8EBB738C2C3AB14E00A0A899 /* Project object */;
}
